
Microsoft Visual Studio Solution File, Format Version 12.00
# Visual Studio Version 17
VisualStudioVersion = 17.11.35208.52
MinimumVisualStudioVersion = 10.0.40219.1
Project("{FAE04EC0-301F-11D3-BF4B-00C04F79EFBC}") = "FizzBuzzGameProject", "FizzBuzzGameProject\FizzBuzzGameProject.csproj", "{FF739E71-10DD-468D-8ECC-118DEB89899A}"
EndProject
Global
	GlobalSection(SolutionConfigurationPlatforms) = preSolution
		Debug|Any CPU = Debug|Any CPU
		Release|Any CPU = Release|Any CPU
	EndGlobalSection
	GlobalSection(ProjectConfigurationPlatforms) = postSolution
		{FF739E71-10DD-468D-8ECC-118DEB89899A}.Debug|Any CPU.ActiveCfg = Debug|Any CPU
		{FF739E71-10DD-468D-8ECC-118DEB89899A}.Debug|Any CPU.Build.0 = Debug|Any CPU
		{FF739E71-10DD-468D-8ECC-118DEB89899A}.Release|Any CPU.ActiveCfg = Release|Any CPU
		{FF739E71-10DD-468D-8ECC-118DEB89899A}.Release|Any CPU.Build.0 = Release|Any CPU
	EndGlobalSection
	GlobalSection(SolutionProperties) = preSolution
		HideSolutionNode = FALSE
	EndGlobalSection
	GlobalSection(ExtensibilityGlobals) = postSolution
		SolutionGuid = {09BE1016-DB31-42C6-A761-F7A789D376B2}
	EndGlobalSection
EndGlobal
